
Microsoft Visual Studio Solution File, Format Version 12.00
# Visual Studio Version 16
VisualStudioVersion = 16.0.31424.327
MinimumVisualStudioVersion = 10.0.40219.1
Project("{9A19103F-16F7-4668-BE54-9A1E7A4F7556}") = "TOMI.Web", "TOMI\TOMI.Web.csproj", "{66DAA087-B451-4D98-BB98-2665C5C9D610}"
EndProject
Project("{9A19103F-16F7-4668-BE54-9A1E7A4F7556}") = "TOMI.Data", "TOMI.Data\TOMI.Data.csproj", "{276ED369-D1CC-4DF9-9EC3-1076B0F1B3E7}"
EndProject
Project("{9A19103F-16F7-4668-BE54-9A1E7A4F7556}") = "TOMI.Services", "TOMI.Services\TOMI.Services.csproj", "{A904362B-398C-447D-BCC1-9A661EB432DC}"
EndProject
Global
	GlobalSection(SolutionConfigurationPlatforms) = preSolution
		Debug|Any CPU = Debug|Any CPU
		Release|Any CPU = Release|Any CPU
	EndGlobalSection
	GlobalSection(ProjectConfigurationPlatforms) = postSolution
		{66DAA087-B451-4D98-BB98-2665C5C9D610}.Debug|Any CPU.ActiveCfg = Debug|Any CPU
		{66DAA087-B451-4D98-BB98-2665C5C9D610}.Debug|Any CPU.Build.0 = Debug|Any CPU
		{66DAA087-B451-4D98-BB98-2665C5C9D610}.Release|Any CPU.ActiveCfg = Release|Any CPU
		{66DAA087-B451-4D98-BB98-2665C5C9D610}.Release|Any CPU.Build.0 = Release|Any CPU
		{276ED369-D1CC-4DF9-9EC3-1076B0F1B3E7}.Debug|Any CPU.ActiveCfg = Debug|Any CPU
		{276ED369-D1CC-4DF9-9EC3-1076B0F1B3E7}.Debug|Any CPU.Build.0 = Debug|Any CPU
		{276ED369-D1CC-4DF9-9EC3-1076B0F1B3E7}.Release|Any CPU.ActiveCfg = Release|Any CPU
		{276ED369-D1CC-4DF9-9EC3-1076B0F1B3E7}.Release|Any CPU.Build.0 = Release|Any CPU
		{A904362B-398C-447D-BCC1-9A661EB432DC}.Debug|Any CPU.ActiveCfg = Debug|Any CPU
		{A904362B-398C-447D-BCC1-9A661EB432DC}.Debug|Any CPU.Build.0 = Debug|Any CPU
		{A904362B-398C-447D-BCC1-9A661EB432DC}.Release|Any CPU.ActiveCfg = Release|Any CPU
		{A904362B-398C-447D-BCC1-9A661EB432DC}.Release|Any CPU.Build.0 = Release|Any CPU
	EndGlobalSection
	GlobalSection(SolutionProperties) = preSolution
		HideSolutionNode = FALSE
	EndGlobalSection
	GlobalSection(ExtensibilityGlobals) = postSolution
		SolutionGuid = {262D12F4-239C-4F9F-B256-6F6994349751}
	EndGlobalSection
EndGlobal
