
Microsoft Visual Studio Solution File, Format Version 12.00
# Visual Studio Version 16
VisualStudioVersion = 16.0.31424.327
MinimumVisualStudioVersion = 10.0.40219.1
Project("{FAE04EC0-301F-11D3-BF4B-00C04F79EFBC}") = "TOMI.Web", "TOMI.Web.csproj", "{3A745897-9151-4125-8EA6-4B93542D5F84}"
EndProject
Project("{FAE04EC0-301F-11D3-BF4B-00C04F79EFBC}") = "TOMI.Data", "..\TOMI.Data\TOMI.Data.csproj", "{07207D32-B016-47C5-B2D4-39813F8B02FC}"
EndProject
Project("{FAE04EC0-301F-11D3-BF4B-00C04F79EFBC}") = "TOMI.Services", "..\TOMI.Services\TOMI.Services.csproj", "{0E49424D-CF37-446F-9515-2F4E86C490B0}"
EndProject
Global
	GlobalSection(SolutionConfigurationPlatforms) = preSolution
		Debug|Any CPU = Debug|Any CPU
		Release|Any CPU = Release|Any CPU
	EndGlobalSection
	GlobalSection(ProjectConfigurationPlatforms) = postSolution
		{3A745897-9151-4125-8EA6-4B93542D5F84}.Debug|Any CPU.ActiveCfg = Debug|Any CPU
		{3A745897-9151-4125-8EA6-4B93542D5F84}.Debug|Any CPU.Build.0 = Debug|Any CPU
		{3A745897-9151-4125-8EA6-4B93542D5F84}.Release|Any CPU.ActiveCfg = Release|Any CPU
		{3A745897-9151-4125-8EA6-4B93542D5F84}.Release|Any CPU.Build.0 = Release|Any CPU
		{07207D32-B016-47C5-B2D4-39813F8B02FC}.Debug|Any CPU.ActiveCfg = Debug|Any CPU
		{07207D32-B016-47C5-B2D4-39813F8B02FC}.Debug|Any CPU.Build.0 = Debug|Any CPU
		{07207D32-B016-47C5-B2D4-39813F8B02FC}.Release|Any CPU.ActiveCfg = Release|Any CPU
		{07207D32-B016-47C5-B2D4-39813F8B02FC}.Release|Any CPU.Build.0 = Release|Any CPU
		{0E49424D-CF37-446F-9515-2F4E86C490B0}.Debug|Any CPU.ActiveCfg = Debug|Any CPU
		{0E49424D-CF37-446F-9515-2F4E86C490B0}.Debug|Any CPU.Build.0 = Debug|Any CPU
		{0E49424D-CF37-446F-9515-2F4E86C490B0}.Release|Any CPU.ActiveCfg = Release|Any CPU
		{0E49424D-CF37-446F-9515-2F4E86C490B0}.Release|Any CPU.Build.0 = Release|Any CPU
	EndGlobalSection
	GlobalSection(SolutionProperties) = preSolution
		HideSolutionNode = FALSE
	EndGlobalSection
	GlobalSection(ExtensibilityGlobals) = postSolution
		SolutionGuid = {C7B002B0-7FA9-448F-A15A-22A0A9C4E2E1}
	EndGlobalSection
EndGlobal
